// !$*UTF8*$!
{
	archiveVersion = 1;
	classes = {
	};
	objectVersion = 46;
	objects = {

/* Begin PBXBuildFile section */
		5CAF9B7BD9AA0570E4B66F52 /* libPods-NQTinyNews.a in Frameworks */ = {isa = PBXBuildFile; fileRef = 9CB8B0DFB63A26D3B5893393 /* libPods-NQTinyNews.a */; };
		D20394D51ED7EAA400B3BFB0 /* TNRootVC.m in Sources */ = {isa = PBXBuildFile; fileRef = D20394D41ED7EAA400B3BFB0 /* TNRootVC.m */; };
		D20394DD1ED7F69100B3BFB0 /* HomePageVC.m in Sources */ = {isa = PBXBuildFile; fileRef = D20394DC1ED7F69100B3BFB0 /* HomePageVC.m */; };
		D20394F11ED7FE2900B3BFB0 /* UIView+ZJFrame.m in Sources */ = {isa = PBXBuildFile; fileRef = D20394E11ED7FE2900B3BFB0 /* UIView+ZJFrame.m */; };
		D20394F21ED7FE2900B3BFB0 /* UIViewController+ZJScrollPageController.m in Sources */ = {isa = PBXBuildFile; fileRef = D20394E31ED7FE2900B3BFB0 /* UIViewController+ZJScrollPageController.m */; };
		D20394F31ED7FE2900B3BFB0 /* ZJCollectionView.m in Sources */ = {isa = PBXBuildFile; fileRef = D20394E51ED7FE2900B3BFB0 /* ZJCollectionView.m */; };
		D20394F41ED7FE2900B3BFB0 /* ZJContentView.m in Sources */ = {isa = PBXBuildFile; fileRef = D20394E71ED7FE2900B3BFB0 /* ZJContentView.m */; };
		D20394F51ED7FE2900B3BFB0 /* ZJScrollPageView.m in Sources */ = {isa = PBXBuildFile; fileRef = D20394E91ED7FE2900B3BFB0 /* ZJScrollPageView.m */; };
		D20394F61ED7FE2900B3BFB0 /* ZJScrollSegmentView.m in Sources */ = {isa = PBXBuildFile; fileRef = D20394EC1ED7FE2900B3BFB0 /* ZJScrollSegmentView.m */; };
		D20394F71ED7FE2900B3BFB0 /* ZJSegmentStyle.m in Sources */ = {isa = PBXBuildFile; fileRef = D20394EE1ED7FE2900B3BFB0 /* ZJSegmentStyle.m */; };
		D20394F81ED7FE2900B3BFB0 /* ZJTitleView.m in Sources */ = {isa = PBXBuildFile; fileRef = D20394F01ED7FE2900B3BFB0 /* ZJTitleView.m */; };
		D20395001ED93BE900B3BFB0 /* TNTableFlowVC.m in Sources */ = {isa = PBXBuildFile; fileRef = D20394FF1ED93BE900B3BFB0 /* TNTableFlowVC.m */; };
		D20395051ED95E3400B3BFB0 /* TNHomeNewsModel.m in Sources */ = {isa = PBXBuildFile; fileRef = D20395041ED95E3400B3BFB0 /* TNHomeNewsModel.m */; };
		D20998881F725DE3005B002E /* NotificationCenter.framework in Frameworks */ = {isa = PBXBuildFile; fileRef = D20998871F725DE3005B002E /* NotificationCenter.framework */; };
		D209988C1F725DE3005B002E /* TodayViewController.m in Sources */ = {isa = PBXBuildFile; fileRef = D209988B1F725DE3005B002E /* TodayViewController.m */; };
		D20998931F725DE3005B002E /* TNWidget.appex in Embed App Extensions */ = {isa = PBXBuildFile; fileRef = D20998861F725DE3005B002E /* TNWidget.appex */; settings = {ATTRIBUTES = (RemoveHeadersOnCopy, ); }; };
		D23210D41ECC663E006B1267 /* NSURLSessionTool.m in Sources */ = {isa = PBXBuildFile; fileRef = D23210D31ECC663E006B1267 /* NSURLSessionTool.m */; };
		D23551351EE9885B00986180 /* TNImageTitleStyleTBCell.m in Sources */ = {isa = PBXBuildFile; fileRef = D23551331EE9885B00986180 /* TNImageTitleStyleTBCell.m */; };
		D23BA72E1EF7CA0000D44C1B /* TNBaseNavigationVC.m in Sources */ = {isa = PBXBuildFile; fileRef = D23BA72D1EF7CA0000D44C1B /* TNBaseNavigationVC.m */; };
		D25813961F42C13B00C7A01A /* TCWeakObject.m in Sources */ = {isa = PBXBuildFile; fileRef = D25813951F42C13B00C7A01A /* TCWeakObject.m */; };
		D262875A1ECC5B3500AA5B37 /* main.m in Sources */ = {isa = PBXBuildFile; fileRef = D26287591ECC5B3500AA5B37 /* main.m */; };
		D262875D1ECC5B3500AA5B37 /* AppDelegate.m in Sources */ = {isa = PBXBuildFile; fileRef = D262875C1ECC5B3500AA5B37 /* AppDelegate.m */; };
		D26287631ECC5B3500AA5B37 /* Main.storyboard in Resources */ = {isa = PBXBuildFile; fileRef = D26287611ECC5B3500AA5B37 /* Main.storyboard */; };
		D26287661ECC5B3500AA5B37 /* NQTinyNews.xcdatamodeld in Sources */ = {isa = PBXBuildFile; fileRef = D26287641ECC5B3500AA5B37 /* NQTinyNews.xcdatamodeld */; };
		D26287681ECC5B3500AA5B37 /* Assets.xcassets in Resources */ = {isa = PBXBuildFile; fileRef = D26287671ECC5B3500AA5B37 /* Assets.xcassets */; };
		D262876B1ECC5B3500AA5B37 /* LaunchScreen.storyboard in Resources */ = {isa = PBXBuildFile; fileRef = D26287691ECC5B3500AA5B37 /* LaunchScreen.storyboard */; };
		D26287761ECC5B3500AA5B37 /* NQTinyNewsTests.m in Sources */ = {isa = PBXBuildFile; fileRef = D26287751ECC5B3500AA5B37 /* NQTinyNewsTests.m */; };
		D26287811ECC5B3500AA5B37 /* NQTinyNewsUITests.m in Sources */ = {isa = PBXBuildFile; fileRef = D26287801ECC5B3500AA5B37 /* NQTinyNewsUITests.m */; };
		D2838CEC1F62879E00FC6F06 /* TNWebviewVC.m in Sources */ = {isa = PBXBuildFile; fileRef = D2838CEB1F62879E00FC6F06 /* TNWebviewVC.m */; };
		D29EFE2A1EF7D066007D9FB5 /* TNBaseVC.m in Sources */ = {isa = PBXBuildFile; fileRef = D29EFE291EF7D066007D9FB5 /* TNBaseVC.m */; };
		D2CDF07E1F42862C0041E785 /* TCGeneralService.m in Sources */ = {isa = PBXBuildFile; fileRef = D2CDF07D1F42862C0041E785 /* TCGeneralService.m */; };
		D2D529F71F61608A00E13B02 /* TNViewModelClass.m in Sources */ = {isa = PBXBuildFile; fileRef = D2D529F61F61608A00E13B02 /* TNViewModelClass.m */; };
		D2D529FB1F61633300E13B02 /* TNFetchTableFlowDataVM.m in Sources */ = {isa = PBXBuildFile; fileRef = D2D529FA1F61633300E13B02 /* TNFetchTableFlowDataVM.m */; };
		D2FE027E1ECE952E00CE83D7 /* TNNetworkManager.m in Sources */ = {isa = PBXBuildFile; fileRef = D2FE027D1ECE952E00CE83D7 /* TNNetworkManager.m */; };
/* End PBXBuildFile section */

/* Begin PBXContainerItemProxy section */
		D20998911F725DE3005B002E /* PBXContainerItemProxy */ = {
			isa = PBXContainerItemProxy;
			containerPortal = D262874D1ECC5B3500AA5B37 /* Project object */;
			proxyType = 1;
			remoteGlobalIDString = D20998851F725DE3005B002E;
			remoteInfo = TNWidget;
		};
		D26287721ECC5B3500AA5B37 /* PBXContainerItemProxy */ = {
			isa = PBXContainerItemProxy;
			containerPortal = D262874D1ECC5B3500AA5B37 /* Project object */;
			proxyType = 1;
			remoteGlobalIDString = D26287541ECC5B3500AA5B37;
			remoteInfo = NQTinyNews;
		};
		D262877D1ECC5B3500AA5B37 /* PBXContainerItemProxy */ = {
			isa = PBXContainerItemProxy;
			containerPortal = D262874D1ECC5B3500AA5B37 /* Project object */;
			proxyType = 1;
			remoteGlobalIDString = D26287541ECC5B3500AA5B37;
			remoteInfo = NQTinyNews;
		};
/* End PBXContainerItemProxy section */

/* Begin PBXCopyFilesBuildPhase section */
		D20998971F725DE3005B002E /* Embed App Extensions */ = {
			isa = PBXCopyFilesBuildPhase;
			buildActionMask = 2147483647;
			dstPath = "";
			dstSubfolderSpec = 13;
			files = (
				D20998931F725DE3005B002E /* TNWidget.appex in Embed App Extensions */,
			);
			name = "Embed App Extensions";
			runOnlyForDeploymentPostprocessing = 0;
		};
/* End PBXCopyFilesBuildPhase section */

/* Begin PBXFileReference section */
		9CB8B0DFB63A26D3B5893393 /* libPods-NQTinyNews.a */ = {isa = PBXFileReference; explicitFileType = archive.ar; includeInIndex = 0; path = "libPods-NQTinyNews.a"; sourceTree = BUILT_PRODUCTS_DIR; };
		B3B613A176BF06596443E838 /* Pods-NQTinyNews.debug.xcconfig */ = {isa = PBXFileReference; includeInIndex = 1; lastKnownFileType = text.xcconfig; name = "Pods-NQTinyNews.debug.xcconfig"; path = "Pods/Target Support Files/Pods-NQTinyNews/Pods-NQTinyNews.debug.xcconfig"; sourceTree = "<group>"; };
		BAF564144EC2355976090972 /* Pods-NQTinyNews.release.xcconfig */ = {isa = PBXFileReference; includeInIndex = 1; lastKnownFileType = text.xcconfig; name = "Pods-NQTinyNews.release.xcconfig"; path = "Pods/Target Support Files/Pods-NQTinyNews/Pods-NQTinyNews.release.xcconfig"; sourceTree = "<group>"; };
		D20394D31ED7EAA400B3BFB0 /* TNRootVC.h */ = {isa = PBXFileReference; fileEncoding = 4; lastKnownFileType = sourcecode.c.h; path = TNRootVC.h; sourceTree = "<group>"; };
		D20394D41ED7EAA400B3BFB0 /* TNRootVC.m */ = {isa = PBXFileReference; fileEncoding = 4; lastKnownFileType = sourcecode.c.objc; path = TNRootVC.m; sourceTree = "<group>"; };
		D20394D71ED7EB0100B3BFB0 /* Readme.h */ = {isa = PBXFileReference; lastKnownFileType = sourcecode.c.h; path = Readme.h; sourceTree = "<group>"; };
		D20394DB1ED7F69100B3BFB0 /* HomePageVC.h */ = {isa = PBXFileReference; fileEncoding = 4; lastKnownFileType = sourcecode.c.h; path = HomePageVC.h; sourceTree = "<group>"; };
		D20394DC1ED7F69100B3BFB0 /* HomePageVC.m */ = {isa = PBXFileReference; fileEncoding = 4; lastKnownFileType = sourcecode.c.objc; path = HomePageVC.m; sourceTree = "<group>"; };
		D20394E01ED7FE2900B3BFB0 /* UIView+ZJFrame.h */ = {isa = PBXFileReference; fileEncoding = 4; lastKnownFileType = sourcecode.c.h; path = "UIView+ZJFrame.h"; sourceTree = "<group>"; };
		D20394E11ED7FE2900B3BFB0 /* UIView+ZJFrame.m */ = {isa = PBXFileReference; fileEncoding = 4; lastKnownFileType = sourcecode.c.objc; path = "UIView+ZJFrame.m"; sourceTree = "<group>"; };
		D20394E21ED7FE2900B3BFB0 /* UIViewController+ZJScrollPageController.h */ = {isa = PBXFileReference; fileEncoding = 4; lastKnownFileType = sourcecode.c.h; path = "UIViewController+ZJScrollPageController.h"; sourceTree = "<group>"; };
		D20394E31ED7FE2900B3BFB0 /* UIViewController+ZJScrollPageController.m */ = {isa = PBXFileReference; fileEncoding = 4; lastKnownFileType = sourcecode.c.objc; path = "UIViewController+ZJScrollPageController.m"; sourceTree = "<group>"; };
		D20394E41ED7FE2900B3BFB0 /* ZJCollectionView.h */ = {isa = PBXFileReference; fileEncoding = 4; lastKnownFileType = sourcecode.c.h; path = ZJCollectionView.h; sourceTree = "<group>"; };
		D20394E51ED7FE2900B3BFB0 /* ZJCollectionView.m */ = {isa = PBXFileReference; fileEncoding = 4; lastKnownFileType = sourcecode.c.objc; path = ZJCollectionView.m; sourceTree = "<group>"; };
		D20394E61ED7FE2900B3BFB0 /* ZJContentView.h */ = {isa = PBXFileReference; fileEncoding = 4; lastKnownFileType = sourcecode.c.h; path = ZJContentView.h; sourceTree = "<group>"; };
		D20394E71ED7FE2900B3BFB0 /* ZJContentView.m */ = {isa = PBXFileReference; fileEncoding = 4; lastKnownFileType = sourcecode.c.objc; path = ZJContentView.m; sourceTree = "<group>"; };
		D20394E81ED7FE2900B3BFB0 /* ZJScrollPageView.h */ = {isa = PBXFileReference; fileEncoding = 4; lastKnownFileType = sourcecode.c.h; path = ZJScrollPageView.h; sourceTree = "<group>"; };
		D20394E91ED7FE2900B3BFB0 /* ZJScrollPageView.m */ = {isa = PBXFileReference; fileEncoding = 4; lastKnownFileType = sourcecode.c.objc; path = ZJScrollPageView.m; sourceTree = "<group>"; };
		D20394EA1ED7FE2900B3BFB0 /* ZJScrollPageViewDelegate.h */ = {isa = PBXFileReference; fileEncoding = 4; lastKnownFileType = sourcecode.c.h; path = ZJScrollPageViewDelegate.h; sourceTree = "<group>"; };
		D20394EB1ED7FE2900B3BFB0 /* ZJScrollSegmentView.h */ = {isa = PBXFileReference; fileEncoding = 4; lastKnownFileType = sourcecode.c.h; path = ZJScrollSegmentView.h; sourceTree = "<group>"; };
		D20394EC1ED7FE2900B3BFB0 /* ZJScrollSegmentView.m */ = {isa = PBXFileReference; fileEncoding = 4; lastKnownFileType = sourcecode.c.objc; path = ZJScrollSegmentView.m; sourceTree = "<group>"; };
		D20394ED1ED7FE2900B3BFB0 /* ZJSegmentStyle.h */ = {isa = PBXFileReference; fileEncoding = 4; lastKnownFileType = sourcecode.c.h; path = ZJSegmentStyle.h; sourceTree = "<group>"; };
		D20394EE1ED7FE2900B3BFB0 /* ZJSegmentStyle.m */ = {isa = PBXFileReference; fileEncoding = 4; lastKnownFileType = sourcecode.c.objc; path = ZJSegmentStyle.m; sourceTree = "<group>"; };
		D20394EF1ED7FE2900B3BFB0 /* ZJTitleView.h */ = {isa = PBXFileReference; fileEncoding = 4; lastKnownFileType = sourcecode.c.h; path = ZJTitleView.h; sourceTree = "<group>"; };
		D20394F01ED7FE2900B3BFB0 /* ZJTitleView.m */ = {isa = PBXFileReference; fileEncoding = 4; lastKnownFileType = sourcecode.c.objc; path = ZJTitleView.m; sourceTree = "<group>"; };
		D20394FD1ED90CD100B3BFB0 /* NQTinyNews-PrefixHeader.pch */ = {isa = PBXFileReference; fileEncoding = 4; lastKnownFileType = sourcecode.c.h; path = "NQTinyNews-PrefixHeader.pch"; sourceTree = "<group>"; };
		D20394FE1ED93BE900B3BFB0 /* TNTableFlowVC.h */ = {isa = PBXFileReference; fileEncoding = 4; lastKnownFileType = sourcecode.c.h; path = TNTableFlowVC.h; sourceTree = "<group>"; };
		D20394FF1ED93BE900B3BFB0 /* TNTableFlowVC.m */ = {isa = PBXFileReference; fileEncoding = 4; lastKnownFileType = sourcecode.c.objc; path = TNTableFlowVC.m; sourceTree = "<group>"; };
		D20395031ED95E3400B3BFB0 /* TNHomeNewsModel.h */ = {isa = PBXFileReference; fileEncoding = 4; lastKnownFileType = sourcecode.c.h; path = TNHomeNewsModel.h; sourceTree = "<group>"; };
		D20395041ED95E3400B3BFB0 /* TNHomeNewsModel.m */ = {isa = PBXFileReference; fileEncoding = 4; lastKnownFileType = sourcecode.c.objc; path = TNHomeNewsModel.m; sourceTree = "<group>"; };
		D20998861F725DE3005B002E /* TNWidget.appex */ = {isa = PBXFileReference; explicitFileType = "wrapper.app-extension"; includeInIndex = 0; path = TNWidget.appex; sourceTree = BUILT_PRODUCTS_DIR; };
		D20998871F725DE3005B002E /* NotificationCenter.framework */ = {isa = PBXFileReference; lastKnownFileType = wrapper.framework; name = NotificationCenter.framework; path = System/Library/Frameworks/NotificationCenter.framework; sourceTree = SDKROOT; };
		D209988A1F725DE3005B002E /* TodayViewController.h */ = {isa = PBXFileReference; lastKnownFileType = sourcecode.c.h; path = TodayViewController.h; sourceTree = "<group>"; };
		D209988B1F725DE3005B002E /* TodayViewController.m */ = {isa = PBXFileReference; lastKnownFileType = sourcecode.c.objc; path = TodayViewController.m; sourceTree = "<group>"; };
		D20998901F725DE3005B002E /* Info.plist */ = {isa = PBXFileReference; lastKnownFileType = text.plist.xml; path = Info.plist; sourceTree = "<group>"; };
		D20998981F726AC5005B002E /* NQTinyNews.entitlements */ = {isa = PBXFileReference; lastKnownFileType = text.plist.entitlements; path = NQTinyNews.entitlements; sourceTree = "<group>"; };
		D20998991F726AF9005B002E /* TNWidget.entitlements */ = {isa = PBXFileReference; lastKnownFileType = text.plist.entitlements; path = TNWidget.entitlements; sourceTree = "<group>"; };
		D23210D21ECC663E006B1267 /* NSURLSessionTool.h */ = {isa = PBXFileReference; fileEncoding = 4; lastKnownFileType = sourcecode.c.h; path = NSURLSessionTool.h; sourceTree = "<group>"; };
		D23210D31ECC663E006B1267 /* NSURLSessionTool.m */ = {isa = PBXFileReference; fileEncoding = 4; lastKnownFileType = sourcecode.c.objc; path = NSURLSessionTool.m; sourceTree = "<group>"; };
		D23210D81ECC6710006B1267 /* Constant.h */ = {isa = PBXFileReference; lastKnownFileType = sourcecode.c.h; path = Constant.h; sourceTree = "<group>"; };
		D23210D91ECC672E006B1267 /* Marco.h */ = {isa = PBXFileReference; lastKnownFileType = sourcecode.c.h; path = Marco.h; sourceTree = "<group>"; };
		D23551321EE9885B00986180 /* TNImageTitleStyleTBCell.h */ = {isa = PBXFileReference; fileEncoding = 4; lastKnownFileType = sourcecode.c.h; path = TNImageTitleStyleTBCell.h; sourceTree = "<group>"; };
		D23551331EE9885B00986180 /* TNImageTitleStyleTBCell.m */ = {isa = PBXFileReference; fileEncoding = 4; lastKnownFileType = sourcecode.c.objc; path = TNImageTitleStyleTBCell.m; sourceTree = "<group>"; };
		D23BA72C1EF7CA0000D44C1B /* TNBaseNavigationVC.h */ = {isa = PBXFileReference; lastKnownFileType = sourcecode.c.h; path = TNBaseNavigationVC.h; sourceTree = "<group>"; };
		D23BA72D1EF7CA0000D44C1B /* TNBaseNavigationVC.m */ = {isa = PBXFileReference; lastKnownFileType = sourcecode.c.objc; path = TNBaseNavigationVC.m; sourceTree = "<group>"; };
		D25813941F42C13B00C7A01A /* TCWeakObject.h */ = {isa = PBXFileReference; lastKnownFileType = sourcecode.c.h; name = TCWeakObject.h; path = NQTinyNews/Expand/WeakObject/TCWeakObject.h; sourceTree = SOURCE_ROOT; };
		D25813951F42C13B00C7A01A /* TCWeakObject.m */ = {isa = PBXFileReference; lastKnownFileType = sourcecode.c.objc; name = TCWeakObject.m; path = NQTinyNews/Expand/WeakObject/TCWeakObject.m; sourceTree = SOURCE_ROOT; };
		D26287551ECC5B3500AA5B37 /* NQTinyNews.app */ = {isa = PBXFileReference; explicitFileType = wrapper.application; includeInIndex = 0; path = NQTinyNews.app; sourceTree = BUILT_PRODUCTS_DIR; };
		D26287591ECC5B3500AA5B37 /* main.m */ = {isa = PBXFileReference; lastKnownFileType = sourcecode.c.objc; path = main.m; sourceTree = "<group>"; };
		D262875B1ECC5B3500AA5B37 /* AppDelegate.h */ = {isa = PBXFileReference; lastKnownFileType = sourcecode.c.h; path = AppDelegate.h; sourceTree = "<group>"; };
		D262875C1ECC5B3500AA5B37 /* AppDelegate.m */ = {isa = PBXFileReference; lastKnownFileType = sourcecode.c.objc; path = AppDelegate.m; sourceTree = "<group>"; };
		D26287621ECC5B3500AA5B37 /* Base */ = {isa = PBXFileReference; lastKnownFileType = file.storyboard; name = Base; path = Base.lproj/Main.storyboard; sourceTree = "<group>"; };
		D26287651ECC5B3500AA5B37 /* NQTinyNews.xcdatamodel */ = {isa = PBXFileReference; lastKnownFileType = wrapper.xcdatamodel; path = NQTinyNews.xcdatamodel; sourceTree = "<group>"; };
		D26287671ECC5B3500AA5B37 /* Assets.xcassets */ = {isa = PBXFileReference; lastKnownFileType = folder.assetcatalog; path = Assets.xcassets; sourceTree = "<group>"; };
		D262876A1ECC5B3500AA5B37 /* Base */ = {isa = PBXFileReference; lastKnownFileType = file.storyboard; name = Base; path = Base.lproj/LaunchScreen.storyboard; sourceTree = "<group>"; };
		D262876C1ECC5B3500AA5B37 /* Info.plist */ = {isa = PBXFileReference; lastKnownFileType = text.plist.xml; path = Info.plist; sourceTree = "<group>"; };
		D26287711ECC5B3500AA5B37 /* NQTinyNewsTests.xctest */ = {isa = PBXFileReference; explicitFileType = wrapper.cfbundle; includeInIndex = 0; path = NQTinyNewsTests.xctest; sourceTree = BUILT_PRODUCTS_DIR; };
		D26287751ECC5B3500AA5B37 /* NQTinyNewsTests.m */ = {isa = PBXFileReference; lastKnownFileType = sourcecode.c.objc; path = NQTinyNewsTests.m; sourceTree = "<group>"; };
		D26287771ECC5B3500AA5B37 /* Info.plist */ = {isa = PBXFileReference; lastKnownFileType = text.plist.xml; path = Info.plist; sourceTree = "<group>"; };
		D262877C1ECC5B3500AA5B37 /* NQTinyNewsUITests.xctest */ = {isa = PBXFileReference; explicitFileType = wrapper.cfbundle; includeInIndex = 0; path = NQTinyNewsUITests.xctest; sourceTree = BUILT_PRODUCTS_DIR; };
		D26287801ECC5B3500AA5B37 /* NQTinyNewsUITests.m */ = {isa = PBXFileReference; lastKnownFileType = sourcecode.c.objc; path = NQTinyNewsUITests.m; sourceTree = "<group>"; };
		D26287821ECC5B3500AA5B37 /* Info.plist */ = {isa = PBXFileReference; lastKnownFileType = text.plist.xml; path = Info.plist; sourceTree = "<group>"; };
		D2838CEA1F62879E00FC6F06 /* TNWebviewVC.h */ = {isa = PBXFileReference; lastKnownFileType = sourcecode.c.h; path = TNWebviewVC.h; sourceTree = "<group>"; };
		D2838CEB1F62879E00FC6F06 /* TNWebviewVC.m */ = {isa = PBXFileReference; lastKnownFileType = sourcecode.c.objc; path = TNWebviewVC.m; sourceTree = "<group>"; };
		D29EFE281EF7D066007D9FB5 /* TNBaseVC.h */ = {isa = PBXFileReference; lastKnownFileType = sourcecode.c.h; path = TNBaseVC.h; sourceTree = "<group>"; };
		D29EFE291EF7D066007D9FB5 /* TNBaseVC.m */ = {isa = PBXFileReference; lastKnownFileType = sourcecode.c.objc; path = TNBaseVC.m; sourceTree = "<group>"; };
		D2CDF07C1F42862C0041E785 /* TCGeneralService.h */ = {isa = PBXFileReference; lastKnownFileType = sourcecode.c.h; path = TCGeneralService.h; sourceTree = "<group>"; };
		D2CDF07D1F42862C0041E785 /* TCGeneralService.m */ = {isa = PBXFileReference; lastKnownFileType = sourcecode.c.objc; path = TCGeneralService.m; sourceTree = "<group>"; };
		D2D529F51F61608A00E13B02 /* TNViewModelClass.h */ = {isa = PBXFileReference; lastKnownFileType = sourcecode.c.h; path = TNViewModelClass.h; sourceTree = "<group>"; };
		D2D529F61F61608A00E13B02 /* TNViewModelClass.m */ = {isa = PBXFileReference; lastKnownFileType = sourcecode.c.objc; path = TNViewModelClass.m; sourceTree = "<group>"; };
		D2D529F91F61633300E13B02 /* TNFetchTableFlowDataVM.h */ = {isa = PBXFileReference; lastKnownFileType = sourcecode.c.h; path = TNFetchTableFlowDataVM.h; sourceTree = "<group>"; };
		D2D529FA1F61633300E13B02 /* TNFetchTableFlowDataVM.m */ = {isa = PBXFileReference; lastKnownFileType = sourcecode.c.objc; path = TNFetchTableFlowDataVM.m; sourceTree = "<group>"; };
		D2D529FC1F6163B800E13B02 /* TNBaseClasses.h */ = {isa = PBXFileReference; lastKnownFileType = sourcecode.c.h; path = TNBaseClasses.h; sourceTree = "<group>"; };
		D2FE027C1ECE952E00CE83D7 /* TNNetworkManager.h */ = {isa = PBXFileReference; fileEncoding = 4; lastKnownFileType = sourcecode.c.h; path = TNNetworkManager.h; sourceTree = "<group>"; };
		D2FE027D1ECE952E00CE83D7 /* TNNetworkManager.m */ = {isa = PBXFileReference; fileEncoding = 4; lastKnownFileType = sourcecode.c.objc; path = TNNetworkManager.m; sourceTree = "<group>"; };
/* End PBXFileReference section */

/* Begin PBXFrameworksBuildPhase section */
		D20998831F725DE3005B002E /* Frameworks */ = {
			isa = PBXFrameworksBuildPhase;
			buildActionMask = 2147483647;
			files = (
				D20998881F725DE3005B002E /* NotificationCenter.framework in Frameworks */,
			);
			runOnlyForDeploymentPostprocessing = 0;
		};
		D26287521ECC5B3500AA5B37 /* Frameworks */ = {
			isa = PBXFrameworksBuildPhase;
			buildActionMask = 2147483647;
			files = (
				5CAF9B7BD9AA0570E4B66F52 /* libPods-NQTinyNews.a in Frameworks */,
			);
			runOnlyForDeploymentPostprocessing = 0;
		};
		D262876E1ECC5B3500AA5B37 /* Frameworks */ = {
			isa = PBXFrameworksBuildPhase;
			buildActionMask = 2147483647;
			files = (
			);
			runOnlyForDeploymentPostprocessing = 0;
		};
		D26287791ECC5B3500AA5B37 /* Frameworks */ = {
			isa = PBXFrameworksBuildPhase;
			buildActionMask = 2147483647;
			files = (
			);
			runOnlyForDeploymentPostprocessing = 0;
		};
/* End PBXFrameworksBuildPhase section */

/* Begin PBXGroup section */
		D20394D21ED7D78B00B3BFB0 /* Main */ = {
			isa = PBXGroup;
			children = (
				D23BA72B1EF7C93500D44C1B /* BaseClasses */,
				D2D529F31F60FDEF00E13B02 /* ViewModel */,
				D2D529F21F60FDD700E13B02 /* Model */,
				D2D529F11F60FDA400E13B02 /* ViewController */,
				D20394D81ED7ED3200B3BFB0 /* UI */,
			);
			path = Main;
			sourceTree = "<group>";
		};
		D20394D61ED7EAF400B3BFB0 /* Others */ = {
			isa = PBXGroup;
			children = (
				D20394D71ED7EB0100B3BFB0 /* Readme.h */,
			);
			path = Others;
			sourceTree = "<group>";
		};
		D20394D81ED7ED3200B3BFB0 /* UI */ = {
			isa = PBXGroup;
			children = (
				D20394D31ED7EAA400B3BFB0 /* TNRootVC.h */,
				D20394D41ED7EAA400B3BFB0 /* TNRootVC.m */,
				D20394DB1ED7F69100B3BFB0 /* HomePageVC.h */,
				D20394DC1ED7F69100B3BFB0 /* HomePageVC.m */,
			);
			path = UI;
			sourceTree = "<group>";
		};
		D20394DE1ED7FE2900B3BFB0 /* Vender */ = {
			isa = PBXGroup;
			children = (
				D20394DF1ED7FE2900B3BFB0 /* ZJScrollPageView */,
			);
			path = Vender;
			sourceTree = "<group>";
		};
		D20394DF1ED7FE2900B3BFB0 /* ZJScrollPageView */ = {
			isa = PBXGroup;
			children = (
				D20394E01ED7FE2900B3BFB0 /* UIView+ZJFrame.h */,
				D20394E11ED7FE2900B3BFB0 /* UIView+ZJFrame.m */,
				D20394E21ED7FE2900B3BFB0 /* UIViewController+ZJScrollPageController.h */,
				D20394E31ED7FE2900B3BFB0 /* UIViewController+ZJScrollPageController.m */,
				D20394E41ED7FE2900B3BFB0 /* ZJCollectionView.h */,
				D20394E51ED7FE2900B3BFB0 /* ZJCollectionView.m */,
				D20394E61ED7FE2900B3BFB0 /* ZJContentView.h */,
				D20394E71ED7FE2900B3BFB0 /* ZJContentView.m */,
				D20394E81ED7FE2900B3BFB0 /* ZJScrollPageView.h */,
				D20394E91ED7FE2900B3BFB0 /* ZJScrollPageView.m */,
				D20394EA1ED7FE2900B3BFB0 /* ZJScrollPageViewDelegate.h */,
				D20394EB1ED7FE2900B3BFB0 /* ZJScrollSegmentView.h */,
				D20394EC1ED7FE2900B3BFB0 /* ZJScrollSegmentView.m */,
				D20394ED1ED7FE2900B3BFB0 /* ZJSegmentStyle.h */,
				D20394EE1ED7FE2900B3BFB0 /* ZJSegmentStyle.m */,
				D20394EF1ED7FE2900B3BFB0 /* ZJTitleView.h */,
				D20394F01ED7FE2900B3BFB0 /* ZJTitleView.m */,
			);
			path = ZJScrollPageView;
			sourceTree = "<group>";
		};
		D20998811F725CC8005B002E /* TodayExtension */ = {
			isa = PBXGroup;
			children = (
			);
			path = TodayExtension;
			sourceTree = "<group>";
		};
		D20998891F725DE3005B002E /* TNWidget */ = {
			isa = PBXGroup;
			children = (
				D20998991F726AF9005B002E /* TNWidget.entitlements */,
				D209988A1F725DE3005B002E /* TodayViewController.h */,
				D209988B1F725DE3005B002E /* TodayViewController.m */,
				D20998901F725DE3005B002E /* Info.plist */,
			);
			path = TNWidget;
			sourceTree = "<group>";
		};
		D23210CD1ECC5D3F006B1267 /* Expand */ = {
			isa = PBXGroup;
			children = (
				D20998811F725CC8005B002E /* TodayExtension */,
				D2D529EE1F60F7F500E13B02 /* WeakObject */,
				D20394D61ED7EAF400B3BFB0 /* Others */,
				D23210D61ECC66BC006B1267 /* Marco */,
				D23210CE1ECC5D3F006B1267 /* Network */,
			);
			path = Expand;
			sourceTree = "<group>";
		};
		D23210CE1ECC5D3F006B1267 /* Network */ = {
			isa = PBXGroup;
			children = (
				D23210D21ECC663E006B1267 /* NSURLSessionTool.h */,
				D23210D31ECC663E006B1267 /* NSURLSessionTool.m */,
				D2FE027C1ECE952E00CE83D7 /* TNNetworkManager.h */,
				D2FE027D1ECE952E00CE83D7 /* TNNetworkManager.m */,
			);
			path = Network;
			sourceTree = "<group>";
		};
		D23210D61ECC66BC006B1267 /* Marco */ = {
			isa = PBXGroup;
			children = (
				D23210D81ECC6710006B1267 /* Constant.h */,
				D23210D91ECC672E006B1267 /* Marco.h */,
				D2D529FC1F6163B800E13B02 /* TNBaseClasses.h */,
			);
			path = Marco;
			sourceTree = "<group>";
		};
		D23BA72B1EF7C93500D44C1B /* BaseClasses */ = {
			isa = PBXGroup;
			children = (
				D23BA72C1EF7CA0000D44C1B /* TNBaseNavigationVC.h */,
				D23BA72D1EF7CA0000D44C1B /* TNBaseNavigationVC.m */,
				D29EFE281EF7D066007D9FB5 /* TNBaseVC.h */,
				D29EFE291EF7D066007D9FB5 /* TNBaseVC.m */,
			);
			path = BaseClasses;
			sourceTree = "<group>";
		};
		D262874C1ECC5B3500AA5B37 = {
			isa = PBXGroup;
			children = (
				D26287571ECC5B3500AA5B37 /* NQTinyNews */,
				D26287741ECC5B3500AA5B37 /* NQTinyNewsTests */,
				D262877F1ECC5B3500AA5B37 /* NQTinyNewsUITests */,
				D20998891F725DE3005B002E /* TNWidget */,
				D26287561ECC5B3500AA5B37 /* Products */,
				EAAD42BD89EAFC3396AC51E1 /* Pods */,
				F93E8B2B0B9D6EBE7EE6E6DD /* Frameworks */,
			);
			sourceTree = "<group>";
		};
		D26287561ECC5B3500AA5B37 /* Products */ = {
			isa = PBXGroup;
			children = (
				D26287551ECC5B3500AA5B37 /* NQTinyNews.app */,
				D26287711ECC5B3500AA5B37 /* NQTinyNewsTests.xctest */,
				D262877C1ECC5B3500AA5B37 /* NQTinyNewsUITests.xctest */,
				D20998861F725DE3005B002E /* TNWidget.appex */,
			);
			name = Products;
			sourceTree = "<group>";
		};
		D26287571ECC5B3500AA5B37 /* NQTinyNews */ = {
			isa = PBXGroup;
			children = (
				D20998981F726AC5005B002E /* NQTinyNews.entitlements */,
				D2D529EF1F60F87200E13B02 /* Resource */,
				D20394DE1ED7FE2900B3BFB0 /* Vender */,
				D23210CD1ECC5D3F006B1267 /* Expand */,
				D20394D21ED7D78B00B3BFB0 /* Main */,
				D262875B1ECC5B3500AA5B37 /* AppDelegate.h */,
				D262875C1ECC5B3500AA5B37 /* AppDelegate.m */,
				D26287581ECC5B3500AA5B37 /* Supporting Files */,
			);
			path = NQTinyNews;
			sourceTree = "<group>";
		};
		D26287581ECC5B3500AA5B37 /* Supporting Files */ = {
			isa = PBXGroup;
			children = (
				D26287611ECC5B3500AA5B37 /* Main.storyboard */,
				D26287691ECC5B3500AA5B37 /* LaunchScreen.storyboard */,
				D26287641ECC5B3500AA5B37 /* NQTinyNews.xcdatamodeld */,
				D262876C1ECC5B3500AA5B37 /* Info.plist */,
				D26287671ECC5B3500AA5B37 /* Assets.xcassets */,
				D20394FD1ED90CD100B3BFB0 /* NQTinyNews-PrefixHeader.pch */,
				D26287591ECC5B3500AA5B37 /* main.m */,
			);
			name = "Supporting Files";
			sourceTree = "<group>";
		};
		D26287741ECC5B3500AA5B37 /* NQTinyNewsTests */ = {
			isa = PBXGroup;
			children = (
				D26287751ECC5B3500AA5B37 /* NQTinyNewsTests.m */,
				D26287771ECC5B3500AA5B37 /* Info.plist */,
			);
			path = NQTinyNewsTests;
			sourceTree = "<group>";
		};
		D262877F1ECC5B3500AA5B37 /* NQTinyNewsUITests */ = {
			isa = PBXGroup;
			children = (
				D26287801ECC5B3500AA5B37 /* NQTinyNewsUITests.m */,
				D26287821ECC5B3500AA5B37 /* Info.plist */,
			);
			path = NQTinyNewsUITests;
			sourceTree = "<group>";
		};
		D2D529EE1F60F7F500E13B02 /* WeakObject */ = {
			isa = PBXGroup;
			children = (
				D25813941F42C13B00C7A01A /* TCWeakObject.h */,
				D25813951F42C13B00C7A01A /* TCWeakObject.m */,
				D2CDF07C1F42862C0041E785 /* TCGeneralService.h */,
				D2CDF07D1F42862C0041E785 /* TCGeneralService.m */,
			);
			path = WeakObject;
			sourceTree = "<group>";
		};
		D2D529EF1F60F87200E13B02 /* Resource */ = {
			isa = PBXGroup;
			children = (
			);
			path = Resource;
			sourceTree = "<group>";
		};
		D2D529F11F60FDA400E13B02 /* ViewController */ = {
			isa = PBXGroup;
			children = (
				D2D529F41F60FE1300E13B02 /* View */,
				D20394FE1ED93BE900B3BFB0 /* TNTableFlowVC.h */,
				D20394FF1ED93BE900B3BFB0 /* TNTableFlowVC.m */,
				D2838CEA1F62879E00FC6F06 /* TNWebviewVC.h */,
				D2838CEB1F62879E00FC6F06 /* TNWebviewVC.m */,
			);
			path = ViewController;
			sourceTree = "<group>";
		};
		D2D529F21F60FDD700E13B02 /* Model */ = {
			isa = PBXGroup;
			children = (
				D20395031ED95E3400B3BFB0 /* TNHomeNewsModel.h */,
				D20395041ED95E3400B3BFB0 /* TNHomeNewsModel.m */,
			);
			path = Model;
			sourceTree = "<group>";
		};
		D2D529F31F60FDEF00E13B02 /* ViewModel */ = {
			isa = PBXGroup;
			children = (
				D2D529F81F6162BB00E13B02 /* Public */,
				D2D529F51F61608A00E13B02 /* TNViewModelClass.h */,
				D2D529F61F61608A00E13B02 /* TNViewModelClass.m */,
			);
			path = ViewModel;
			sourceTree = "<group>";
		};
		D2D529F41F60FE1300E13B02 /* View */ = {
			isa = PBXGroup;
			children = (
				D23551321EE9885B00986180 /* TNImageTitleStyleTBCell.h */,
				D23551331EE9885B00986180 /* TNImageTitleStyleTBCell.m */,
			);
			path = View;
			sourceTree = "<group>";
		};
		D2D529F81F6162BB00E13B02 /* Public */ = {
			isa = PBXGroup;
			children = (
				D2D529F91F61633300E13B02 /* TNFetchTableFlowDataVM.h */,
				D2D529FA1F61633300E13B02 /* TNFetchTableFlowDataVM.m */,
			);
			path = Public;
			sourceTree = "<group>";
		};
		EAAD42BD89EAFC3396AC51E1 /* Pods */ = {
			isa = PBXGroup;
			children = (
				B3B613A176BF06596443E838 /* Pods-NQTinyNews.debug.xcconfig */,
				BAF564144EC2355976090972 /* Pods-NQTinyNews.release.xcconfig */,
			);
			name = Pods;
			sourceTree = "<group>";
		};
		F93E8B2B0B9D6EBE7EE6E6DD /* Frameworks */ = {
			isa = PBXGroup;
			children = (
				9CB8B0DFB63A26D3B5893393 /* libPods-NQTinyNews.a */,
				D20998871F725DE3005B002E /* NotificationCenter.framework */,
			);
			name = Frameworks;
			sourceTree = "<group>";
		};
/* End PBXGroup section */

/* Begin PBXNativeTarget section */
		D20998851F725DE3005B002E /* TNWidget */ = {
			isa = PBXNativeTarget;
			buildConfigurationList = D20998941F725DE3005B002E /* Build configuration list for PBXNativeTarget "TNWidget" */;
			buildPhases = (
				D20998821F725DE3005B002E /* Sources */,
				D20998831F725DE3005B002E /* Frameworks */,
				D20998841F725DE3005B002E /* Resources */,
			);
			buildRules = (
			);
			dependencies = (
			);
			name = TNWidget;
			productName = TNWidget;
			productReference = D20998861F725DE3005B002E /* TNWidget.appex */;
			productType = "com.apple.product-type.app-extension";
		};
		D26287541ECC5B3500AA5B37 /* NQTinyNews */ = {
			isa = PBXNativeTarget;
			buildConfigurationList = D26287851ECC5B3500AA5B37 /* Build configuration list for PBXNativeTarget "NQTinyNews" */;
			buildPhases = (
				DF7DAD29B9C98BD066A569DC /* [CP] Check Pods Manifest.lock */,
				D26287511ECC5B3500AA5B37 /* Sources */,
				D26287521ECC5B3500AA5B37 /* Frameworks */,
				D26287531ECC5B3500AA5B37 /* Resources */,
				181362DF6BC0F7B4B97708BD /* [CP] Embed Pods Frameworks */,
				4BCAB768E902F6B8824115BC /* [CP] Copy Pods Resources */,
				D20998971F725DE3005B002E /* Embed App Extensions */,
			);
			buildRules = (
			);
			dependencies = (
				D20998921F725DE3005B002E /* PBXTargetDependency */,
			);
			name = NQTinyNews;
			productName = NQTinyNews;
			productReference = D26287551ECC5B3500AA5B37 /* NQTinyNews.app */;
			productType = "com.apple.product-type.application";
		};
		D26287701ECC5B3500AA5B37 /* NQTinyNewsTests */ = {
			isa = PBXNativeTarget;
			buildConfigurationList = D26287881ECC5B3500AA5B37 /* Build configuration list for PBXNativeTarget "NQTinyNewsTests" */;
			buildPhases = (
				D262876D1ECC5B3500AA5B37 /* Sources */,
				D262876E1ECC5B3500AA5B37 /* Frameworks */,
				D262876F1ECC5B3500AA5B37 /* Resources */,
			);
			buildRules = (
			);
			dependencies = (
				D26287731ECC5B3500AA5B37 /* PBXTargetDependency */,
			);
			name = NQTinyNewsTests;
			productName = NQTinyNewsTests;
			productReference = D26287711ECC5B3500AA5B37 /* NQTinyNewsTests.xctest */;
			productType = "com.apple.product-type.bundle.unit-test";
		};
		D262877B1ECC5B3500AA5B37 /* NQTinyNewsUITests */ = {
			isa = PBXNativeTarget;
			buildConfigurationList = D262878B1ECC5B3500AA5B37 /* Build configuration list for PBXNativeTarget "NQTinyNewsUITests" */;
			buildPhases = (
				D26287781ECC5B3500AA5B37 /* Sources */,
				D26287791ECC5B3500AA5B37 /* Frameworks */,
				D262877A1ECC5B3500AA5B37 /* Resources */,
			);
			buildRules = (
			);
			dependencies = (
				D262877E1ECC5B3500AA5B37 /* PBXTargetDependency */,
			);
			name = NQTinyNewsUITests;
			productName = NQTinyNewsUITests;
			productReference = D262877C1ECC5B3500AA5B37 /* NQTinyNewsUITests.xctest */;
			productType = "com.apple.product-type.bundle.ui-testing";
		};
/* End PBXNativeTarget section */

/* Begin PBXProject section */
		D262874D1ECC5B3500AA5B37 /* Project object */ = {
			isa = PBXProject;
			attributes = {
				LastUpgradeCheck = 0800;
				ORGANIZATIONNAME = "那强";
				TargetAttributes = {
					D20998851F725DE3005B002E = {
						CreatedOnToolsVersion = 9.0;
						DevelopmentTeam = 32K8UBGZ48;
						SystemCapabilities = {
							com.apple.ApplicationGroups.iOS = {
								enabled = 1;
							};
						};
					};
					D26287541ECC5B3500AA5B37 = {
						CreatedOnToolsVersion = 8.0;
						DevelopmentTeam = 32K8UBGZ48;
						ProvisioningStyle = Automatic;
						SystemCapabilities = {
							com.apple.ApplicationGroups.iOS = {
								enabled = 1;
							};
						};
					};
					D26287701ECC5B3500AA5B37 = {
						CreatedOnToolsVersion = 8.0;
						DevelopmentTeam = 32K8UBGZ48;
						ProvisioningStyle = Automatic;
						TestTargetID = D26287541ECC5B3500AA5B37;
					};
					D262877B1ECC5B3500AA5B37 = {
						CreatedOnToolsVersion = 8.0;
						DevelopmentTeam = 32K8UBGZ48;
						ProvisioningStyle = Automatic;
						TestTargetID = D26287541ECC5B3500AA5B37;
					};
				};
			};
			buildConfigurationList = D26287501ECC5B3500AA5B37 /* Build configuration list for PBXProject "NQTinyNews" */;
			compatibilityVersion = "Xcode 3.2";
			developmentRegion = English;
			hasScannedForEncodings = 0;
			knownRegions = (
				en,
				Base,
			);
			mainGroup = D262874C1ECC5B3500AA5B37;
			productRefGroup = D26287561ECC5B3500AA5B37 /* Products */;
			projectDirPath = "";
			projectRoot = "";
			targets = (
				D26287541ECC5B3500AA5B37 /* NQTinyNews */,
				D26287701ECC5B3500AA5B37 /* NQTinyNewsTests */,
				D262877B1ECC5B3500AA5B37 /* NQTinyNewsUITests */,
				D20998851F725DE3005B002E /* TNWidget */,
			);
		};
/* End PBXProject section */

/* Begin PBXResourcesBuildPhase section */
		D20998841F725DE3005B002E /* Resources */ = {
			isa = PBXResourcesBuildPhase;
			buildActionMask = 2147483647;
			files = (
			);
			runOnlyForDeploymentPostprocessing = 0;
		};
		D26287531ECC5B3500AA5B37 /* Resources */ = {
			isa = PBXResourcesBuildPhase;
			buildActionMask = 2147483647;
			files = (
				D262876B1ECC5B3500AA5B37 /* LaunchScreen.storyboard in Resources */,
				D26287681ECC5B3500AA5B37 /* Assets.xcassets in Resources */,
				D26287631ECC5B3500AA5B37 /* Main.storyboard in Resources */,
			);
			runOnlyForDeploymentPostprocessing = 0;
		};
		D262876F1ECC5B3500AA5B37 /* Resources */ = {
			isa = PBXResourcesBuildPhase;
			buildActionMask = 2147483647;
			files = (
			);
			runOnlyForDeploymentPostprocessing = 0;
		};
		D262877A1ECC5B3500AA5B37 /* Resources */ = {
			isa = PBXResourcesBuildPhase;
			buildActionMask = 2147483647;
			files = (
			);
			runOnlyForDeploymentPostprocessing = 0;
		};
/* End PBXResourcesBuildPhase section */

/* Begin PBXShellScriptBuildPhase section */
		181362DF6BC0F7B4B97708BD /* [CP] Embed Pods Frameworks */ = {
			isa = PBXShellScriptBuildPhase;
			buildActionMask = 2147483647;
			files = (
			);
			inputPaths = (
			);
			name = "[CP] Embed Pods Frameworks";
			outputPaths = (
			);
			runOnlyForDeploymentPostprocessing = 0;
			shellPath = /bin/sh;
			shellScript = "\"${SRCROOT}/Pods/Target Support Files/Pods-NQTinyNews/Pods-NQTinyNews-frameworks.sh\"\n";
			showEnvVarsInLog = 0;
		};
		4BCAB768E902F6B8824115BC /* [CP] Copy Pods Resources */ = {
			isa = PBXShellScriptBuildPhase;
			buildActionMask = 2147483647;
			files = (
			);
			inputPaths = (
			);
			name = "[CP] Copy Pods Resources";
			outputPaths = (
			);
			runOnlyForDeploymentPostprocessing = 0;
			shellPath = /bin/sh;
			shellScript = "\"${SRCROOT}/Pods/Target Support Files/Pods-NQTinyNews/Pods-NQTinyNews-resources.sh\"\n";
			showEnvVarsInLog = 0;
		};
		DF7DAD29B9C98BD066A569DC /* [CP] Check Pods Manifest.lock */ = {
			isa = PBXShellScriptBuildPhase;
			buildActionMask = 2147483647;
			files = (
			);
			inputPaths = (
			);
			name = "[CP] Check Pods Manifest.lock";
			outputPaths = (
			);
			runOnlyForDeploymentPostprocessing = 0;
			shellPath = /bin/sh;
			shellScript = "diff \"${PODS_ROOT}/../Podfile.lock\" \"${PODS_ROOT}/Manifest.lock\" > /dev/null\nif [ $? != 0 ] ; then\n    # print error to STDERR\n    echo \"error: The sandbox is not in sync with the Podfile.lock. Run 'pod install' or update your CocoaPods installation.\" >&2\n    exit 1\nfi\n";
			showEnvVarsInLog = 0;
		};
/* End PBXShellScriptBuildPhase section */

/* Begin PBXSourcesBuildPhase section */
		D20998821F725DE3005B002E /* Sources */ = {
			isa = PBXSourcesBuildPhase;
			buildActionMask = 2147483647;
			files = (
				D209988C1F725DE3005B002E /* TodayViewController.m in Sources */,
			);
			runOnlyForDeploymentPostprocessing = 0;
		};
		D26287511ECC5B3500AA5B37 /* Sources */ = {
			isa = PBXSourcesBuildPhase;
			buildActionMask = 2147483647;
			files = (
				D20394F41ED7FE2900B3BFB0 /* ZJContentView.m in Sources */,
				D23BA72E1EF7CA0000D44C1B /* TNBaseNavigationVC.m in Sources */,
				D20394D51ED7EAA400B3BFB0 /* TNRootVC.m in Sources */,
				D2D529FB1F61633300E13B02 /* TNFetchTableFlowDataVM.m in Sources */,
				D20395051ED95E3400B3BFB0 /* TNHomeNewsModel.m in Sources */,
				D20394F11ED7FE2900B3BFB0 /* UIView+ZJFrame.m in Sources */,
				D23551351EE9885B00986180 /* TNImageTitleStyleTBCell.m in Sources */,
				D20394F51ED7FE2900B3BFB0 /* ZJScrollPageView.m in Sources */,
				D23210D41ECC663E006B1267 /* NSURLSessionTool.m in Sources */,
				D262875D1ECC5B3500AA5B37 /* AppDelegate.m in Sources */,
				D25813961F42C13B00C7A01A /* TCWeakObject.m in Sources */,
				D20395001ED93BE900B3BFB0 /* TNTableFlowVC.m in Sources */,
				D20394F31ED7FE2900B3BFB0 /* ZJCollectionView.m in Sources */,
				D2838CEC1F62879E00FC6F06 /* TNWebviewVC.m in Sources */,
				D29EFE2A1EF7D066007D9FB5 /* TNBaseVC.m in Sources */,
				D262875A1ECC5B3500AA5B37 /* main.m in Sources */,
				D20394F81ED7FE2900B3BFB0 /* ZJTitleView.m in Sources */,
				D20394F61ED7FE2900B3BFB0 /* ZJScrollSegmentView.m in Sources */,
				D20394F21ED7FE2900B3BFB0 /* UIViewController+ZJScrollPageController.m in Sources */,
				D2FE027E1ECE952E00CE83D7 /* TNNetworkManager.m in Sources */,
				D2D529F71F61608A00E13B02 /* TNViewModelClass.m in Sources */,
				D20394DD1ED7F69100B3BFB0 /* HomePageVC.m in Sources */,
				D26287661ECC5B3500AA5B37 /* NQTinyNews.xcdatamodeld in Sources */,
				D20394F71ED7FE2900B3BFB0 /* ZJSegmentStyle.m in Sources */,
				D2CDF07E1F42862C0041E785 /* TCGeneralService.m in Sources */,
			);
			runOnlyForDeploymentPostprocessing = 0;
		};
		D262876D1ECC5B3500AA5B37 /* Sources */ = {
			isa = PBXSourcesBuildPhase;
			buildActionMask = 2147483647;
			files = (
				D26287761ECC5B3500AA5B37 /* NQTinyNewsTests.m in Sources */,
			);
			runOnlyForDeploymentPostprocessing = 0;
		};
		D26287781ECC5B3500AA5B37 /* Sources */ = {
			isa = PBXSourcesBuildPhase;
			buildActionMask = 2147483647;
			files = (
				D26287811ECC5B3500AA5B37 /* NQTinyNewsUITests.m in Sources */,
			);
			runOnlyForDeploymentPostprocessing = 0;
		};
/* End PBXSourcesBuildPhase section */

/* Begin PBXTargetDependency section */
		D20998921F725DE3005B002E /* PBXTargetDependency */ = {
			isa = PBXTargetDependency;
			target = D20998851F725DE3005B002E /* TNWidget */;
			targetProxy = D20998911F725DE3005B002E /* PBXContainerItemProxy */;
		};
		D26287731ECC5B3500AA5B37 /* PBXTargetDependency */ = {
			isa = PBXTargetDependency;
			target = D26287541ECC5B3500AA5B37 /* NQTinyNews */;
			targetProxy = D26287721ECC5B3500AA5B37 /* PBXContainerItemProxy */;
		};
		D262877E1ECC5B3500AA5B37 /* PBXTargetDependency */ = {
			isa = PBXTargetDependency;
			target = D26287541ECC5B3500AA5B37 /* NQTinyNews */;
			targetProxy = D262877D1ECC5B3500AA5B37 /* PBXContainerItemProxy */;
		};
/* End PBXTargetDependency section */

/* Begin PBXVariantGroup section */
		D26287611ECC5B3500AA5B37 /* Main.storyboard */ = {
			isa = PBXVariantGroup;
			children = (
				D26287621ECC5B3500AA5B37 /* Base */,
			);
			name = Main.storyboard;
			sourceTree = "<group>";
		};
		D26287691ECC5B3500AA5B37 /* LaunchScreen.storyboard */ = {
			isa = PBXVariantGroup;
			children = (
				D262876A1ECC5B3500AA5B37 /* Base */,
			);
			name = LaunchScreen.storyboard;
			sourceTree = "<group>";
		};
/* End PBXVariantGroup section */

/* Begin XCBuildConfiguration section */
		D20998951F725DE3005B002E /* Debug */ = {
			isa = XCBuildConfiguration;
			buildSettings = {
				CLANG_ANALYZER_NUMBER_OBJECT_CONVERSION = YES_AGGRESSIVE;
				CLANG_CXX_LANGUAGE_STANDARD = "gnu++14";
				CLANG_WARN_BLOCK_CAPTURE_AUTORELEASING = YES;
				CLANG_WARN_COMMA = YES;
				CLANG_WARN_RANGE_LOOP_ANALYSIS = YES;
				CLANG_WARN_STRICT_PROTOTYPES = YES;
				CLANG_WARN_SUSPICIOUS_MOVE = YES;
				CLANG_WARN_UNGUARDED_AVAILABILITY = YES_AGGRESSIVE;
				CODE_SIGN_ENTITLEMENTS = TNWidget/TNWidget.entitlements;
				CODE_SIGN_IDENTITY = "iPhone Developer";
				DEVELOPMENT_TEAM = 32K8UBGZ48;
				GCC_C_LANGUAGE_STANDARD = gnu11;
				INFOPLIST_FILE = TNWidget/Info.plist;
				IPHONEOS_DEPLOYMENT_TARGET = 11.0;
				LD_RUNPATH_SEARCH_PATHS = "$(inherited) @executable_path/Frameworks @executable_path/../../Frameworks";
				PRODUCT_BUNDLE_IDENTIFIER = com.tcl.nq.NQTinyNews.TNWidget;
				PRODUCT_NAME = "$(TARGET_NAME)";
				SKIP_INSTALL = YES;
				TARGETED_DEVICE_FAMILY = "1,2";
			};
			name = Debug;
		};
		D20998961F725DE3005B002E /* Release */ = {
			isa = XCBuildConfiguration;
			buildSettings = {
				CLANG_ANALYZER_NUMBER_OBJECT_CONVERSION = YES_AGGRESSIVE;
				CLANG_CXX_LANGUAGE_STANDARD = "gnu++14";
				CLANG_WARN_BLOCK_CAPTURE_AUTORELEASING = YES;
				CLANG_WARN_COMMA = YES;
				CLANG_WARN_RANGE_LOOP_ANALYSIS = YES;
				CLANG_WARN_STRICT_PROTOTYPES = YES;
				CLANG_WARN_SUSPICIOUS_MOVE = YES;
				CLANG_WARN_UNGUARDED_AVAILABILITY = YES_AGGRESSIVE;
				CODE_SIGN_ENTITLEMENTS = TNWidget/TNWidget.entitlements;
				CODE_SIGN_IDENTITY = "iPhone Developer";
				DEVELOPMENT_TEAM = 32K8UBGZ48;
				GCC_C_LANGUAGE_STANDARD = gnu11;
				INFOPLIST_FILE = TNWidget/Info.plist;
				IPHONEOS_DEPLOYMENT_TARGET = 11.0;
				LD_RUNPATH_SEARCH_PATHS = "$(inherited) @executable_path/Frameworks @executable_path/../../Frameworks";
				PRODUCT_BUNDLE_IDENTIFIER = com.tcl.nq.NQTinyNews.TNWidget;
				PRODUCT_NAME = "$(TARGET_NAME)";
				SKIP_INSTALL = YES;
				TARGETED_DEVICE_FAMILY = "1,2";
			};
			name = Release;
		};
		D26287831ECC5B3500AA5B37 /* Debug */ = {
			isa = XCBuildConfiguration;
			buildSettings = {
				ALWAYS_SEARCH_USER_PATHS = NO;
				CLANG_ANALYZER_NONNULL = YES;
				CLANG_CXX_LANGUAGE_STANDARD = "gnu++0x";
				CLANG_CXX_LIBRARY = "libc++";
				CLANG_ENABLE_MODULES = YES;
				CLANG_ENABLE_OBJC_ARC = YES;
				CLANG_WARN_BOOL_CONVERSION = YES;
				CLANG_WARN_CONSTANT_CONVERSION = YES;
				CLANG_WARN_DIRECT_OBJC_ISA_USAGE = YES_ERROR;
				CLANG_WARN_DOCUMENTATION_COMMENTS = YES;
				CLANG_WARN_EMPTY_BODY = YES;
				CLANG_WARN_ENUM_CONVERSION = YES;
				CLANG_WARN_INFINITE_RECURSION = YES;
				CLANG_WARN_INT_CONVERSION = YES;
				CLANG_WARN_OBJC_ROOT_CLASS = YES_ERROR;
				CLANG_WARN_SUSPICIOUS_MOVES = YES;
				CLANG_WARN_UNREACHABLE_CODE = YES;
				CLANG_WARN__DUPLICATE_METHOD_MATCH = YES;
				"CODE_SIGN_IDENTITY[sdk=iphoneos*]" = "iPhone Developer";
				COPY_PHASE_STRIP = NO;
				DEBUG_INFORMATION_FORMAT = dwarf;
				ENABLE_STRICT_OBJC_MSGSEND = YES;
				ENABLE_TESTABILITY = YES;
				GCC_C_LANGUAGE_STANDARD = gnu99;
				GCC_DYNAMIC_NO_PIC = NO;
				GCC_NO_COMMON_BLOCKS = YES;
				GCC_OPTIMIZATION_LEVEL = 0;
				GCC_PREPROCESSOR_DEFINITIONS = (
					"DEBUG=1",
					"$(inherited)",
				);
				GCC_WARN_64_TO_32_BIT_CONVERSION = YES;
				GCC_WARN_ABOUT_RETURN_TYPE = YES_ERROR;
				GCC_WARN_UNDECLARED_SELECTOR = YES;
				GCC_WARN_UNINITIALIZED_AUTOS = YES_AGGRESSIVE;
				GCC_WARN_UNUSED_FUNCTION = YES;
				GCC_WARN_UNUSED_VARIABLE = YES;
				IPHONEOS_DEPLOYMENT_TARGET = 10.0;
				MTL_ENABLE_DEBUG_INFO = YES;
				ONLY_ACTIVE_ARCH = YES;
				SDKROOT = iphoneos;
			};
			name = Debug;
		};
		D26287841ECC5B3500AA5B37 /* Release */ = {
			isa = XCBuildConfiguration;
			buildSettings = {
				ALWAYS_SEARCH_USER_PATHS = NO;
				CLANG_ANALYZER_NONNULL = YES;
				CLANG_CXX_LANGUAGE_STANDARD = "gnu++0x";
				CLANG_CXX_LIBRARY = "libc++";
				CLANG_ENABLE_MODULES = YES;
				CLANG_ENABLE_OBJC_ARC = YES;
				CLANG_WARN_BOOL_CONVERSION = YES;
				CLANG_WARN_CONSTANT_CONVERSION = YES;
				CLANG_WARN_DIRECT_OBJC_ISA_USAGE = YES_ERROR;
				CLANG_WARN_DOCUMENTATION_COMMENTS = YES;
				CLANG_WARN_EMPTY_BODY = YES;
				CLANG_WARN_ENUM_CONVERSION = YES;
				CLANG_WARN_INFINITE_RECURSION = YES;
				CLANG_WARN_INT_CONVERSION = YES;
				CLANG_WARN_OBJC_ROOT_CLASS = YES_ERROR;
				CLANG_WARN_SUSPICIOUS_MOVES = YES;
				CLANG_WARN_UNREACHABLE_CODE = YES;
				CLANG_WARN__DUPLICATE_METHOD_MATCH = YES;
				"CODE_SIGN_IDENTITY[sdk=iphoneos*]" = "iPhone Developer";
				COPY_PHASE_STRIP = NO;
				DEBUG_INFORMATION_FORMAT = "dwarf-with-dsym";
				ENABLE_NS_ASSERTIONS = NO;
				ENABLE_STRICT_OBJC_MSGSEND = YES;
				GCC_C_LANGUAGE_STANDARD = gnu99;
				GCC_NO_COMMON_BLOCKS = YES;
				GCC_WARN_64_TO_32_BIT_CONVERSION = YES;
				GCC_WARN_ABOUT_RETURN_TYPE = YES_ERROR;
				GCC_WARN_UNDECLARED_SELECTOR = YES;
				GCC_WARN_UNINITIALIZED_AUTOS = YES_AGGRESSIVE;
				GCC_WARN_UNUSED_FUNCTION = YES;
				GCC_WARN_UNUSED_VARIABLE = YES;
				IPHONEOS_DEPLOYMENT_TARGET = 10.0;
				MTL_ENABLE_DEBUG_INFO = NO;
				SDKROOT = iphoneos;
				VALIDATE_PRODUCT = YES;
			};
			name = Release;
		};
		D26287861ECC5B3500AA5B37 /* Debug */ = {
			isa = XCBuildConfiguration;
			baseConfigurationReference = B3B613A176BF06596443E838 /* Pods-NQTinyNews.debug.xcconfig */;
			buildSettings = {
				ASSETCATALOG_COMPILER_APPICON_NAME = AppIcon;
				CODE_SIGN_ENTITLEMENTS = NQTinyNews/NQTinyNews.entitlements;
				CODE_SIGN_IDENTITY = "iPhone Developer";
				DEVELOPMENT_TEAM = 32K8UBGZ48;
				GCC_PRECOMPILE_PREFIX_HEADER = YES;
				GCC_PREFIX_HEADER = "NQTinyNews/NQTinyNews-PrefixHeader.pch";
				INFOPLIST_FILE = NQTinyNews/Info.plist;
				IPHONEOS_DEPLOYMENT_TARGET = 9.0;
				LD_RUNPATH_SEARCH_PATHS = "$(inherited) @executable_path/Frameworks";
				PRODUCT_BUNDLE_IDENTIFIER = com.tcl.nq.NQTinyNews;
				PRODUCT_NAME = "$(TARGET_NAME)";
				TARGETED_DEVICE_FAMILY = "1,2";
			};
			name = Debug;
		};
		D26287871ECC5B3500AA5B37 /* Release */ = {
			isa = XCBuildConfiguration;
			baseConfigurationReference = BAF564144EC2355976090972 /* Pods-NQTinyNews.release.xcconfig */;
			buildSettings = {
				ASSETCATALOG_COMPILER_APPICON_NAME = AppIcon;
				CODE_SIGN_ENTITLEMENTS = NQTinyNews/NQTinyNews.entitlements;
				CODE_SIGN_IDENTITY = "iPhone Developer";
				DEVELOPMENT_TEAM = 32K8UBGZ48;
				GCC_PRECOMPILE_PREFIX_HEADER = YES;
				GCC_PREFIX_HEADER = "NQTinyNews/NQTinyNews-PrefixHeader.pch";
				INFOPLIST_FILE = NQTinyNews/Info.plist;
				IPHONEOS_DEPLOYMENT_TARGET = 9.0;
				LD_RUNPATH_SEARCH_PATHS = "$(inherited) @executable_path/Frameworks";
				PRODUCT_BUNDLE_IDENTIFIER = com.tcl.nq.NQTinyNews;
				PRODUCT_NAME = "$(TARGET_NAME)";
				TARGETED_DEVICE_FAMILY = "1,2";
			};
			name = Release;
		};
		D26287891ECC5B3500AA5B37 /* Debug */ = {
			isa = XCBuildConfiguration;
			buildSettings = {
				BUNDLE_LOADER = "$(TEST_HOST)";
				DEVELOPMENT_TEAM = 32K8UBGZ48;
				INFOPLIST_FILE = NQTinyNewsTests/Info.plist;
				LD_RUNPATH_SEARCH_PATHS = "$(inherited) @executable_path/Frameworks @loader_path/Frameworks";
				PRODUCT_BUNDLE_IDENTIFIER = com.tcl.nq.NQTinyNewsTests;
				PRODUCT_NAME = "$(TARGET_NAME)";
				TEST_HOST = "$(BUILT_PRODUCTS_DIR)/NQTinyNews.app/NQTinyNews";
			};
			name = Debug;
		};
		D262878A1ECC5B3500AA5B37 /* Release */ = {
			isa = XCBuildConfiguration;
			buildSettings = {
				BUNDLE_LOADER = "$(TEST_HOST)";
				DEVELOPMENT_TEAM = 32K8UBGZ48;
				INFOPLIST_FILE = NQTinyNewsTests/Info.plist;
				LD_RUNPATH_SEARCH_PATHS = "$(inherited) @executable_path/Frameworks @loader_path/Frameworks";
				PRODUCT_BUNDLE_IDENTIFIER = com.tcl.nq.NQTinyNewsTests;
				PRODUCT_NAME = "$(TARGET_NAME)";
				TEST_HOST = "$(BUILT_PRODUCTS_DIR)/NQTinyNews.app/NQTinyNews";
			};
			name = Release;
		};
		D262878C1ECC5B3500AA5B37 /* Debug */ = {
			isa = XCBuildConfiguration;
			buildSettings = {
				DEVELOPMENT_TEAM = 32K8UBGZ48;
				INFOPLIST_FILE = NQTinyNewsUITests/Info.plist;
				LD_RUNPATH_SEARCH_PATHS = "$(inherited) @executable_path/Frameworks @loader_path/Frameworks";
				PRODUCT_BUNDLE_IDENTIFIER = com.tcl.nq.NQTinyNewsUITests;
				PRODUCT_NAME = "$(TARGET_NAME)";
				TEST_TARGET_NAME = NQTinyNews;
			};
			name = Debug;
		};
		D262878D1ECC5B3500AA5B37 /* Release */ = {
			isa = XCBuildConfiguration;
			buildSettings = {
				DEVELOPMENT_TEAM = 32K8UBGZ48;
				INFOPLIST_FILE = NQTinyNewsUITests/Info.plist;
				LD_RUNPATH_SEARCH_PATHS = "$(inherited) @executable_path/Frameworks @loader_path/Frameworks";
				PRODUCT_BUNDLE_IDENTIFIER = com.tcl.nq.NQTinyNewsUITests;
				PRODUCT_NAME = "$(TARGET_NAME)";
				TEST_TARGET_NAME = NQTinyNews;
			};
			name = Release;
		};
/* End XCBuildConfiguration section */

/* Begin XCConfigurationList section */
		D20998941F725DE3005B002E /* Build configuration list for PBXNativeTarget "TNWidget" */ = {
			isa = XCConfigurationList;
			buildConfigurations = (
				D20998951F725DE3005B002E /* Debug */,
				D20998961F725DE3005B002E /* Release */,
			);
			defaultConfigurationIsVisible = 0;
		};
		D26287501ECC5B3500AA5B37 /* Build configuration list for PBXProject "NQTinyNews" */ = {
			isa = XCConfigurationList;
			buildConfigurations = (
				D26287831ECC5B3500AA5B37 /* Debug */,
				D26287841ECC5B3500AA5B37 /* Release */,
			);
			defaultConfigurationIsVisible = 0;
			defaultConfigurationName = Release;
		};
		D26287851ECC5B3500AA5B37 /* Build configuration list for PBXNativeTarget "NQTinyNews" */ = {
			isa = XCConfigurationList;
			buildConfigurations = (
				D26287861ECC5B3500AA5B37 /* Debug */,
				D26287871ECC5B3500AA5B37 /* Release */,
			);
			defaultConfigurationIsVisible = 0;
			defaultConfigurationName = Release;
		};
		D26287881ECC5B3500AA5B37 /* Build configuration list for PBXNativeTarget "NQTinyNewsTests" */ = {
			isa = XCConfigurationList;
			buildConfigurations = (
				D26287891ECC5B3500AA5B37 /* Debug */,
				D262878A1ECC5B3500AA5B37 /* Release */,
			);
			defaultConfigurationIsVisible = 0;
			defaultConfigurationName = Release;
		};
		D262878B1ECC5B3500AA5B37 /* Build configuration list for PBXNativeTarget "NQTinyNewsUITests" */ = {
			isa = XCConfigurationList;
			buildConfigurations = (
				D262878C1ECC5B3500AA5B37 /* Debug */,
				D262878D1ECC5B3500AA5B37 /* Release */,
			);
			defaultConfigurationIsVisible = 0;
			defaultConfigurationName = Release;
		};
/* End XCConfigurationList section */

/* Begin XCVersionGroup section */
		D26287641ECC5B3500AA5B37 /* NQTinyNews.xcdatamodeld */ = {
			isa = XCVersionGroup;
			children = (
				D26287651ECC5B3500AA5B37 /* NQTinyNews.xcdatamodel */,
			);
			currentVersion = D26287651ECC5B3500AA5B37 /* NQTinyNews.xcdatamodel */;
			path = NQTinyNews.xcdatamodeld;
			sourceTree = "<group>";
			versionGroupType = wrapper.xcdatamodel;
		};
/* End XCVersionGroup section */
	};
	rootObject = D262874D1ECC5B3500AA5B37 /* Project object */;
}
